
Microsoft Visual Studio Solution File, Format Version 12.00
# Visual Studio Version 17
VisualStudioVersion = 17.13.35931.197
MinimumVisualStudioVersion = 10.0.40219.1
Project("{FAE04EC0-301F-11D3-BF4B-00C04F79EFBC}") = "LINQ_uvod", "LINQ_uvod\LINQ_uvod.csproj", "{AE835132-6253-42AA-95B3-96E1CA034E0A}"
EndProject
Project("{FAE04EC0-301F-11D3-BF4B-00C04F79EFBC}") = "LINQ_sintaksa", "LINQ_sintaksa\LINQ_sintaksa.csproj", "{986E407A-0B46-4A28-811B-4629B8D19822}"
EndProject
Project("{FAE04EC0-301F-11D3-BF4B-00C04F79EFBC}") = "LINQ_query_syntax", "LINQ_query_syntax\LINQ_query_syntax.csproj", "{E22FDBEB-154D-40EB-B633-7318057E33F7}"
EndProject
Project("{FAE04EC0-301F-11D3-BF4B-00C04F79EFBC}") = "LINQ_method_syntax", "LINQ_method_syntax\LINQ_method_syntax.csproj", "{936FD6B9-70FD-4C41-9D70-A6D4FCBF0156}"
EndProject
Project("{FAE04EC0-301F-11D3-BF4B-00C04F79EFBC}") = "LINQ_dani_u_tjednu", "LINQ_dani_u_tjednu\LINQ_dani_u_tjednu.csproj", "{C60D4139-41D9-4316-A765-38D5CDD0E638}"
EndProject
Project("{FAE04EC0-301F-11D3-BF4B-00C04F79EFBC}") = "LINQ_provjeri_znakove", "LINQ_provjeri_znakove\LINQ_provjeri_znakove.csproj", "{86E2429F-2AA2-404A-B767-D2D73EF837A1}"
EndProject
Project("{FAE04EC0-301F-11D3-BF4B-00C04F79EFBC}") = "LINQ_pronadji_vece_brojeve", "LINQ_pronadji_vece_brojeve\LINQ_pronadji_vece_brojeve.csproj", "{8D00C7BE-98BE-4515-8FD4-C2F55E9E2639}"
EndProject
Project("{FAE04EC0-301F-11D3-BF4B-00C04F79EFBC}") = "linq_to_sql_uvod", "linq_to_sql_uvod\linq_to_sql_uvod.csproj", "{315B9413-9BAD-4014-A6B1-71E11FCBD980}"
EndProject
Project("{FAE04EC0-301F-11D3-BF4B-00C04F79EFBC}") = "LINQ_razni_primjeri", "LINQ_razni_primjeri\LINQ_razni_primjeri.csproj", "{96FB0BC9-FBE7-46D3-A3C2-DAC76B41CAC0}"
EndProject
Project("{FAE04EC0-301F-11D3-BF4B-00C04F79EFBC}") = "LINQ_where", "LINQ_where\LINQ_where.csproj", "{460E5773-8EAB-4E0F-8F78-0B3098A95C4E}"
EndProject
Project("{FAE04EC0-301F-11D3-BF4B-00C04F79EFBC}") = "LINQ_of_type", "LINQ_of_type\LINQ_of_type.csproj", "{78E63E97-21D2-447E-A652-B9C60D906687}"
EndProject
Project("{FAE04EC0-301F-11D3-BF4B-00C04F79EFBC}") = "LINQ_order_by", "LINQ_order_by\LINQ_order_by.csproj", "{B31DCB7A-09BA-4BEA-A243-7E62AA85E673}"
EndProject
Project("{FAE04EC0-301F-11D3-BF4B-00C04F79EFBC}") = "LINQ_group_i_lookup", "LINQ_group_i_lookup\LINQ_group_i_lookup.csproj", "{C6BF5A2B-23A9-470B-B26A-7E4842FEDCF3}"
EndProject
Project("{FAE04EC0-301F-11D3-BF4B-00C04F79EFBC}") = "LINQ_join", "LINQ_join\LINQ_join.csproj", "{11155787-156C-4718-BDCC-000154081187}"
EndProject
Project("{FAE04EC0-301F-11D3-BF4B-00C04F79EFBC}") = "LINQ_group_join", "LINQ_group_join\LINQ_group_join.csproj", "{1D49D3F0-7859-443C-97B1-F364F7EDEFF9}"
EndProject
Project("{FAE04EC0-301F-11D3-BF4B-00C04F79EFBC}") = "LINQ_select", "LINQ_select\LINQ_select.csproj", "{47C3D3BF-0821-4057-A07C-AAA7D3E8CFB7}"
EndProject
Project("{FAE04EC0-301F-11D3-BF4B-00C04F79EFBC}") = "LINQ_kvantifikatori", "LINQ_kvantifikatori\LINQ_kvantifikatori.csproj", "{C0255E4B-F99C-44CE-A2E7-2040C2BC2607}"
EndProject
Project("{FAE04EC0-301F-11D3-BF4B-00C04F79EFBC}") = "LINQ_agregacije", "LINQ_agregacije\LINQ_agregacije.csproj", "{70124FAB-0666-4135-8416-C364CF2685A7}"
EndProject
Global
	GlobalSection(SolutionConfigurationPlatforms) = preSolution
		Debug|Any CPU = Debug|Any CPU
		Release|Any CPU = Release|Any CPU
	EndGlobalSection
	GlobalSection(ProjectConfigurationPlatforms) = postSolution
		{AE835132-6253-42AA-95B3-96E1CA034E0A}.Debug|Any CPU.ActiveCfg = Debug|Any CPU
		{AE835132-6253-42AA-95B3-96E1CA034E0A}.Debug|Any CPU.Build.0 = Debug|Any CPU
		{AE835132-6253-42AA-95B3-96E1CA034E0A}.Release|Any CPU.ActiveCfg = Release|Any CPU
		{AE835132-6253-42AA-95B3-96E1CA034E0A}.Release|Any CPU.Build.0 = Release|Any CPU
		{986E407A-0B46-4A28-811B-4629B8D19822}.Debug|Any CPU.ActiveCfg = Debug|Any CPU
		{986E407A-0B46-4A28-811B-4629B8D19822}.Debug|Any CPU.Build.0 = Debug|Any CPU
		{986E407A-0B46-4A28-811B-4629B8D19822}.Release|Any CPU.ActiveCfg = Release|Any CPU
		{986E407A-0B46-4A28-811B-4629B8D19822}.Release|Any CPU.Build.0 = Release|Any CPU
		{E22FDBEB-154D-40EB-B633-7318057E33F7}.Debug|Any CPU.ActiveCfg = Debug|Any CPU
		{E22FDBEB-154D-40EB-B633-7318057E33F7}.Debug|Any CPU.Build.0 = Debug|Any CPU
		{E22FDBEB-154D-40EB-B633-7318057E33F7}.Release|Any CPU.ActiveCfg = Release|Any CPU
		{E22FDBEB-154D-40EB-B633-7318057E33F7}.Release|Any CPU.Build.0 = Release|Any CPU
		{936FD6B9-70FD-4C41-9D70-A6D4FCBF0156}.Debug|Any CPU.ActiveCfg = Debug|Any CPU
		{936FD6B9-70FD-4C41-9D70-A6D4FCBF0156}.Debug|Any CPU.Build.0 = Debug|Any CPU
		{936FD6B9-70FD-4C41-9D70-A6D4FCBF0156}.Release|Any CPU.ActiveCfg = Release|Any CPU
		{936FD6B9-70FD-4C41-9D70-A6D4FCBF0156}.Release|Any CPU.Build.0 = Release|Any CPU
		{C60D4139-41D9-4316-A765-38D5CDD0E638}.Debug|Any CPU.ActiveCfg = Debug|Any CPU
		{C60D4139-41D9-4316-A765-38D5CDD0E638}.Debug|Any CPU.Build.0 = Debug|Any CPU
		{C60D4139-41D9-4316-A765-38D5CDD0E638}.Release|Any CPU.ActiveCfg = Release|Any CPU
		{C60D4139-41D9-4316-A765-38D5CDD0E638}.Release|Any CPU.Build.0 = Release|Any CPU
		{86E2429F-2AA2-404A-B767-D2D73EF837A1}.Debug|Any CPU.ActiveCfg = Debug|Any CPU
		{86E2429F-2AA2-404A-B767-D2D73EF837A1}.Debug|Any CPU.Build.0 = Debug|Any CPU
		{86E2429F-2AA2-404A-B767-D2D73EF837A1}.Release|Any CPU.ActiveCfg = Release|Any CPU
		{86E2429F-2AA2-404A-B767-D2D73EF837A1}.Release|Any CPU.Build.0 = Release|Any CPU
		{8D00C7BE-98BE-4515-8FD4-C2F55E9E2639}.Debug|Any CPU.ActiveCfg = Debug|Any CPU
		{8D00C7BE-98BE-4515-8FD4-C2F55E9E2639}.Debug|Any CPU.Build.0 = Debug|Any CPU
		{8D00C7BE-98BE-4515-8FD4-C2F55E9E2639}.Release|Any CPU.ActiveCfg = Release|Any CPU
		{8D00C7BE-98BE-4515-8FD4-C2F55E9E2639}.Release|Any CPU.Build.0 = Release|Any CPU
		{315B9413-9BAD-4014-A6B1-71E11FCBD980}.Debug|Any CPU.ActiveCfg = Debug|Any CPU
		{315B9413-9BAD-4014-A6B1-71E11FCBD980}.Debug|Any CPU.Build.0 = Debug|Any CPU
		{315B9413-9BAD-4014-A6B1-71E11FCBD980}.Release|Any CPU.ActiveCfg = Release|Any CPU
		{315B9413-9BAD-4014-A6B1-71E11FCBD980}.Release|Any CPU.Build.0 = Release|Any CPU
		{96FB0BC9-FBE7-46D3-A3C2-DAC76B41CAC0}.Debug|Any CPU.ActiveCfg = Debug|Any CPU
		{96FB0BC9-FBE7-46D3-A3C2-DAC76B41CAC0}.Debug|Any CPU.Build.0 = Debug|Any CPU
		{96FB0BC9-FBE7-46D3-A3C2-DAC76B41CAC0}.Release|Any CPU.ActiveCfg = Release|Any CPU
		{96FB0BC9-FBE7-46D3-A3C2-DAC76B41CAC0}.Release|Any CPU.Build.0 = Release|Any CPU
		{460E5773-8EAB-4E0F-8F78-0B3098A95C4E}.Debug|Any CPU.ActiveCfg = Debug|Any CPU
		{460E5773-8EAB-4E0F-8F78-0B3098A95C4E}.Debug|Any CPU.Build.0 = Debug|Any CPU
		{460E5773-8EAB-4E0F-8F78-0B3098A95C4E}.Release|Any CPU.ActiveCfg = Release|Any CPU
		{460E5773-8EAB-4E0F-8F78-0B3098A95C4E}.Release|Any CPU.Build.0 = Release|Any CPU
		{78E63E97-21D2-447E-A652-B9C60D906687}.Debug|Any CPU.ActiveCfg = Debug|Any CPU
		{78E63E97-21D2-447E-A652-B9C60D906687}.Debug|Any CPU.Build.0 = Debug|Any CPU
		{78E63E97-21D2-447E-A652-B9C60D906687}.Release|Any CPU.ActiveCfg = Release|Any CPU
		{78E63E97-21D2-447E-A652-B9C60D906687}.Release|Any CPU.Build.0 = Release|Any CPU
		{B31DCB7A-09BA-4BEA-A243-7E62AA85E673}.Debug|Any CPU.ActiveCfg = Debug|Any CPU
		{B31DCB7A-09BA-4BEA-A243-7E62AA85E673}.Debug|Any CPU.Build.0 = Debug|Any CPU
		{B31DCB7A-09BA-4BEA-A243-7E62AA85E673}.Release|Any CPU.ActiveCfg = Release|Any CPU
		{B31DCB7A-09BA-4BEA-A243-7E62AA85E673}.Release|Any CPU.Build.0 = Release|Any CPU
		{C6BF5A2B-23A9-470B-B26A-7E4842FEDCF3}.Debug|Any CPU.ActiveCfg = Debug|Any CPU
		{C6BF5A2B-23A9-470B-B26A-7E4842FEDCF3}.Debug|Any CPU.Build.0 = Debug|Any CPU
		{C6BF5A2B-23A9-470B-B26A-7E4842FEDCF3}.Release|Any CPU.ActiveCfg = Release|Any CPU
		{C6BF5A2B-23A9-470B-B26A-7E4842FEDCF3}.Release|Any CPU.Build.0 = Release|Any CPU
		{11155787-156C-4718-BDCC-000154081187}.Debug|Any CPU.ActiveCfg = Debug|Any CPU
		{11155787-156C-4718-BDCC-000154081187}.Debug|Any CPU.Build.0 = Debug|Any CPU
		{11155787-156C-4718-BDCC-000154081187}.Release|Any CPU.ActiveCfg = Release|Any CPU
		{11155787-156C-4718-BDCC-000154081187}.Release|Any CPU.Build.0 = Release|Any CPU
		{1D49D3F0-7859-443C-97B1-F364F7EDEFF9}.Debug|Any CPU.ActiveCfg = Debug|Any CPU
		{1D49D3F0-7859-443C-97B1-F364F7EDEFF9}.Debug|Any CPU.Build.0 = Debug|Any CPU
		{1D49D3F0-7859-443C-97B1-F364F7EDEFF9}.Release|Any CPU.ActiveCfg = Release|Any CPU
		{1D49D3F0-7859-443C-97B1-F364F7EDEFF9}.Release|Any CPU.Build.0 = Release|Any CPU
		{47C3D3BF-0821-4057-A07C-AAA7D3E8CFB7}.Debug|Any CPU.ActiveCfg = Debug|Any CPU
		{47C3D3BF-0821-4057-A07C-AAA7D3E8CFB7}.Debug|Any CPU.Build.0 = Debug|Any CPU
		{47C3D3BF-0821-4057-A07C-AAA7D3E8CFB7}.Release|Any CPU.ActiveCfg = Release|Any CPU
		{47C3D3BF-0821-4057-A07C-AAA7D3E8CFB7}.Release|Any CPU.Build.0 = Release|Any CPU
		{C0255E4B-F99C-44CE-A2E7-2040C2BC2607}.Debug|Any CPU.ActiveCfg = Debug|Any CPU
		{C0255E4B-F99C-44CE-A2E7-2040C2BC2607}.Debug|Any CPU.Build.0 = Debug|Any CPU
		{C0255E4B-F99C-44CE-A2E7-2040C2BC2607}.Release|Any CPU.ActiveCfg = Release|Any CPU
		{C0255E4B-F99C-44CE-A2E7-2040C2BC2607}.Release|Any CPU.Build.0 = Release|Any CPU
		{70124FAB-0666-4135-8416-C364CF2685A7}.Debug|Any CPU.ActiveCfg = Debug|Any CPU
		{70124FAB-0666-4135-8416-C364CF2685A7}.Debug|Any CPU.Build.0 = Debug|Any CPU
		{70124FAB-0666-4135-8416-C364CF2685A7}.Release|Any CPU.ActiveCfg = Release|Any CPU
		{70124FAB-0666-4135-8416-C364CF2685A7}.Release|Any CPU.Build.0 = Release|Any CPU
	EndGlobalSection
	GlobalSection(SolutionProperties) = preSolution
		HideSolutionNode = FALSE
	EndGlobalSection
	GlobalSection(ExtensibilityGlobals) = postSolution
		SolutionGuid = {6BD22C2C-EDE0-4170-B519-FFF3AC19AF88}
	EndGlobalSection
EndGlobal
